
Microsoft Visual Studio Solution File, Format Version 12.00
# Visual Studio Version 17
VisualStudioVersion = 17.6.33723.286
MinimumVisualStudioVersion = 10.0.40219.1
Project("{FAE04EC0-301F-11D3-BF4B-00C04F79EFBC}") = "ProductsExcercise", "ProductsExcercise\ProductsExcercise.csproj", "{002C2446-D94E-4DBD-9D4F-D72FA2A42999}"
EndProject
Global
	GlobalSection(SolutionConfigurationPlatforms) = preSolution
		Debug|Any CPU = Debug|Any CPU
		Release|Any CPU = Release|Any CPU
	EndGlobalSection
	GlobalSection(ProjectConfigurationPlatforms) = postSolution
		{002C2446-D94E-4DBD-9D4F-D72FA2A42999}.Debug|Any CPU.ActiveCfg = Debug|Any CPU
		{002C2446-D94E-4DBD-9D4F-D72FA2A42999}.Debug|Any CPU.Build.0 = Debug|Any CPU
		{002C2446-D94E-4DBD-9D4F-D72FA2A42999}.Release|Any CPU.ActiveCfg = Release|Any CPU
		{002C2446-D94E-4DBD-9D4F-D72FA2A42999}.Release|Any CPU.Build.0 = Release|Any CPU
	EndGlobalSection
	GlobalSection(SolutionProperties) = preSolution
		HideSolutionNode = FALSE
	EndGlobalSection
	GlobalSection(ExtensibilityGlobals) = postSolution
		SolutionGuid = {F147ACA6-277E-4D89-A2AE-8428B3C26B19}
	EndGlobalSection
EndGlobal
